// !$*UTF8*$!
{
	archiveVersion = 1;
	classes = {
	};
	objectVersion = 56;
	objects = {

/* Begin PBXBuildFile section */
		FA3545DB29D4C801001AAD89 /* AppDelegate.swift in Sources */ = {isa = PBXBuildFile; fileRef = FA3545DA29D4C801001AAD89 /* AppDelegate.swift */; };
		FA3545DD29D4C801001AAD89 /* SceneDelegate.swift in Sources */ = {isa = PBXBuildFile; fileRef = FA3545DC29D4C801001AAD89 /* SceneDelegate.swift */; };
		FA3545E229D4C801001AAD89 /* Main.storyboard in Resources */ = {isa = PBXBuildFile; fileRef = FA3545E029D4C801001AAD89 /* Main.storyboard */; };
		FA3545E429D4C803001AAD89 /* Assets.xcassets in Resources */ = {isa = PBXBuildFile; fileRef = FA3545E329D4C803001AAD89 /* Assets.xcassets */; };
		FA3545E729D4C803001AAD89 /* LaunchScreen.storyboard in Resources */ = {isa = PBXBuildFile; fileRef = FA3545E529D4C803001AAD89 /* LaunchScreen.storyboard */; };
		FA3545F229D4C8E8001AAD89 /* ConvertirTemperaturaRepositorio.swift in Sources */ = {isa = PBXBuildFile; fileRef = FA3545EE29D4C8E7001AAD89 /* ConvertirTemperaturaRepositorio.swift */; };
		FA3545F329D4C8E8001AAD89 /* ConvertirTemperaturaDominio.swift in Sources */ = {isa = PBXBuildFile; fileRef = FA3545EF29D4C8E7001AAD89 /* ConvertirTemperaturaDominio.swift */; };
		FA3545F429D4C8E8001AAD89 /* ConvertirTemperaturaViewController.swift in Sources */ = {isa = PBXBuildFile; fileRef = FA3545F029D4C8E8001AAD89 /* ConvertirTemperaturaViewController.swift */; };
		FA3545F529D4C8E8001AAD89 /* ConvertirTemperaturaRepositorioLocal.swift in Sources */ = {isa = PBXBuildFile; fileRef = FA3545F129D4C8E8001AAD89 /* ConvertirTemperaturaRepositorioLocal.swift */; };
/* End PBXBuildFile section */

/* Begin PBXFileReference section */
		FA3545D729D4C801001AAD89 /* Ejercicio4Parte3.app */ = {isa = PBXFileReference; explicitFileType = wrapper.application; includeInIndex = 0; path = Ejercicio4Parte3.app; sourceTree = BUILT_PRODUCTS_DIR; };
		FA3545DA29D4C801001AAD89 /* AppDelegate.swift */ = {isa = PBXFileReference; lastKnownFileType = sourcecode.swift; path = AppDelegate.swift; sourceTree = "<group>"; };
		FA3545DC29D4C801001AAD89 /* SceneDelegate.swift */ = {isa = PBXFileReference; lastKnownFileType = sourcecode.swift; path = SceneDelegate.swift; sourceTree = "<group>"; };
		FA3545E129D4C801001AAD89 /* Base */ = {isa = PBXFileReference; lastKnownFileType = file.storyboard; name = Base; path = Base.lproj/Main.storyboard; sourceTree = "<group>"; };
		FA3545E329D4C803001AAD89 /* Assets.xcassets */ = {isa = PBXFileReference; lastKnownFileType = folder.assetcatalog; path = Assets.xcassets; sourceTree = "<group>"; };
		FA3545E629D4C803001AAD89 /* Base */ = {isa = PBXFileReference; lastKnownFileType = file.storyboard; name = Base; path = Base.lproj/LaunchScreen.storyboard; sourceTree = "<group>"; };
		FA3545E829D4C803001AAD89 /* Info.plist */ = {isa = PBXFileReference; lastKnownFileType = text.plist.xml; path = Info.plist; sourceTree = "<group>"; };
		FA3545EE29D4C8E7001AAD89 /* ConvertirTemperaturaRepositorio.swift */ = {isa = PBXFileReference; fileEncoding = 4; lastKnownFileType = sourcecode.swift; path = ConvertirTemperaturaRepositorio.swift; sourceTree = "<group>"; };
		FA3545EF29D4C8E7001AAD89 /* ConvertirTemperaturaDominio.swift */ = {isa = PBXFileReference; fileEncoding = 4; lastKnownFileType = sourcecode.swift; path = ConvertirTemperaturaDominio.swift; sourceTree = "<group>"; };
		FA3545F029D4C8E8001AAD89 /* ConvertirTemperaturaViewController.swift */ = {isa = PBXFileReference; fileEncoding = 4; lastKnownFileType = sourcecode.swift; path = ConvertirTemperaturaViewController.swift; sourceTree = "<group>"; };
		FA3545F129D4C8E8001AAD89 /* ConvertirTemperaturaRepositorioLocal.swift */ = {isa = PBXFileReference; fileEncoding = 4; lastKnownFileType = sourcecode.swift; path = ConvertirTemperaturaRepositorioLocal.swift; sourceTree = "<group>"; };
/* End PBXFileReference section */

/* Begin PBXFrameworksBuildPhase section */
		FA3545D429D4C801001AAD89 /* Frameworks */ = {
			isa = PBXFrameworksBuildPhase;
			buildActionMask = 2147483647;
			files = (
			);
			runOnlyForDeploymentPostprocessing = 0;
		};
/* End PBXFrameworksBuildPhase section */

/* Begin PBXGroup section */
		FA3545CE29D4C801001AAD89 = {
			isa = PBXGroup;
			children = (
				FA3545D929D4C801001AAD89 /* Ejercicio4Parte3 */,
				FA3545D829D4C801001AAD89 /* Products */,
			);
			sourceTree = "<group>";
		};
		FA3545D829D4C801001AAD89 /* Products */ = {
			isa = PBXGroup;
			children = (
				FA3545D729D4C801001AAD89 /* Ejercicio4Parte3.app */,
			);
			name = Products;
			sourceTree = "<group>";
		};
		FA3545D929D4C801001AAD89 /* Ejercicio4Parte3 */ = {
			isa = PBXGroup;
			children = (
				FA3545EF29D4C8E7001AAD89 /* ConvertirTemperaturaDominio.swift */,
				FA3545EE29D4C8E7001AAD89 /* ConvertirTemperaturaRepositorio.swift */,
				FA3545F129D4C8E8001AAD89 /* ConvertirTemperaturaRepositorioLocal.swift */,
				FA3545F029D4C8E8001AAD89 /* ConvertirTemperaturaViewController.swift */,
				FA3545DA29D4C801001AAD89 /* AppDelegate.swift */,
				FA3545DC29D4C801001AAD89 /* SceneDelegate.swift */,
				FA3545E029D4C801001AAD89 /* Main.storyboard */,
				FA3545E329D4C803001AAD89 /* Assets.xcassets */,
				FA3545E529D4C803001AAD89 /* LaunchScreen.storyboard */,
				FA3545E829D4C803001AAD89 /* Info.plist */,
			);
			path = Ejercicio4Parte3;
			sourceTree = "<group>";
		};
/* End PBXGroup section */

/* Begin PBXNativeTarget section */
		FA3545D629D4C801001AAD89 /* Ejercicio4Parte3 */ = {
			isa = PBXNativeTarget;
			buildConfigurationList = FA3545EB29D4C803001AAD89 /* Build configuration list for PBXNativeTarget "Ejercicio4Parte3" */;
			buildPhases = (
				FA3545D329D4C801001AAD89 /* Sources */,
				FA3545D429D4C801001AAD89 /* Frameworks */,
				FA3545D529D4C801001AAD89 /* Resources */,
			);
			buildRules = (
			);
			dependencies = (
			);
			name = Ejercicio4Parte3;
			productName = Ejercicio4Parte3;
			productReference = FA3545D729D4C801001AAD89 /* Ejercicio4Parte3.app */;
			productType = "com.apple.product-type.application";
		};
/* End PBXNativeTarget section */

/* Begin PBXProject section */
		FA3545CF29D4C801001AAD89 /* Project object */ = {
			isa = PBXProject;
			attributes = {
				BuildIndependentTargetsInParallel = 1;
				LastSwiftUpdateCheck = 1410;
				LastUpgradeCheck = 1410;
				TargetAttributes = {
					FA3545D629D4C801001AAD89 = {
						CreatedOnToolsVersion = 14.1;
					};
				};
			};
			buildConfigurationList = FA3545D229D4C801001AAD89 /* Build configuration list for PBXProject "Ejercicio4Parte3" */;
			compatibilityVersion = "Xcode 14.0";
			developmentRegion = en;
			hasScannedForEncodings = 0;
			knownRegions = (
				en,
				Base,
			);
			mainGroup = FA3545CE29D4C801001AAD89;
			productRefGroup = FA3545D829D4C801001AAD89 /* Products */;
			projectDirPath = "";
			projectRoot = "";
			targets = (
				FA3545D629D4C801001AAD89 /* Ejercicio4Parte3 */,
			);
		};
/* End PBXProject section */

/* Begin PBXResourcesBuildPhase section */
		FA3545D529D4C801001AAD89 /* Resources */ = {
			isa = PBXResourcesBuildPhase;
			buildActionMask = 2147483647;
			files = (
				FA3545E729D4C803001AAD89 /* LaunchScreen.storyboard in Resources */,
				FA3545E429D4C803001AAD89 /* Assets.xcassets in Resources */,
				FA3545E229D4C801001AAD89 /* Main.storyboard in Resources */,
			);
			runOnlyForDeploymentPostprocessing = 0;
		};
/* End PBXResourcesBuildPhase section */

/* Begin PBXSourcesBuildPhase section */
		FA3545D329D4C801001AAD89 /* Sources */ = {
			isa = PBXSourcesBuildPhase;
			buildActionMask = 2147483647;
			files = (
				FA3545DB29D4C801001AAD89 /* AppDelegate.swift in Sources */,
				FA3545F229D4C8E8001AAD89 /* ConvertirTemperaturaRepositorio.swift in Sources */,
				FA3545F429D4C8E8001AAD89 /* ConvertirTemperaturaViewController.swift in Sources */,
				FA3545F529D4C8E8001AAD89 /* ConvertirTemperaturaRepositorioLocal.swift in Sources */,
				FA3545DD29D4C801001AAD89 /* SceneDelegate.swift in Sources */,
				FA3545F329D4C8E8001AAD89 /* ConvertirTemperaturaDominio.swift in Sources */,
			);
			runOnlyForDeploymentPostprocessing = 0;
		};
/* End PBXSourcesBuildPhase section */

/* Begin PBXVariantGroup section */
		FA3545E029D4C801001AAD89 /* Main.storyboard */ = {
			isa = PBXVariantGroup;
			children = (
				FA3545E129D4C801001AAD89 /* Base */,
			);
			name = Main.storyboard;
			sourceTree = "<group>";
		};
		FA3545E529D4C803001AAD89 /* LaunchScreen.storyboard */ = {
			isa = PBXVariantGroup;
			children = (
				FA3545E629D4C803001AAD89 /* Base */,
			);
			name = LaunchScreen.storyboard;
			sourceTree = "<group>";
		};
/* End PBXVariantGroup section */

/* Begin XCBuildConfiguration section */
		FA3545E929D4C803001AAD89 /* Debug */ = {
			isa = XCBuildConfiguration;
			buildSettings = {
				ALWAYS_SEARCH_USER_PATHS = NO;
				CLANG_ANALYZER_NONNULL = YES;
				CLANG_ANALYZER_NUMBER_OBJECT_CONVERSION = YES_AGGRESSIVE;
				CLANG_CXX_LANGUAGE_STANDARD = "gnu++20";
				CLANG_ENABLE_MODULES = YES;
				CLANG_ENABLE_OBJC_ARC = YES;
				CLANG_ENABLE_OBJC_WEAK = YES;
				CLANG_WARN_BLOCK_CAPTURE_AUTORELEASING = YES;
				CLANG_WARN_BOOL_CONVERSION = YES;
				CLANG_WARN_COMMA = YES;
				CLANG_WARN_CONSTANT_CONVERSION = YES;
				CLANG_WARN_DEPRECATED_OBJC_IMPLEMENTATIONS = YES;
				CLANG_WARN_DIRECT_OBJC_ISA_USAGE = YES_ERROR;
				CLANG_WARN_DOCUMENTATION_COMMENTS = YES;
				CLANG_WARN_EMPTY_BODY = YES;
				CLANG_WARN_ENUM_CONVERSION = YES;
				CLANG_WARN_INFINITE_RECURSION = YES;
				CLANG_WARN_INT_CONVERSION = YES;
				CLANG_WARN_NON_LITERAL_NULL_CONVERSION = YES;
				CLANG_WARN_OBJC_IMPLICIT_RETAIN_SELF = YES;
				CLANG_WARN_OBJC_LITERAL_CONVERSION = YES;
				CLANG_WARN_OBJC_ROOT_CLASS = YES_ERROR;
				CLANG_WARN_QUOTED_INCLUDE_IN_FRAMEWORK_HEADER = YES;
				CLANG_WARN_RANGE_LOOP_ANALYSIS = YES;
				CLANG_WARN_STRICT_PROTOTYPES = YES;
				CLANG_WARN_SUSPICIOUS_MOVE = YES;
				CLANG_WARN_UNGUARDED_AVAILABILITY = YES_AGGRESSIVE;
				CLANG_WARN_UNREACHABLE_CODE = YES;
				CLANG_WARN__DUPLICATE_METHOD_MATCH = YES;
				COPY_PHASE_STRIP = NO;
				DEBUG_INFORMATION_FORMAT = dwarf;
				ENABLE_STRICT_OBJC_MSGSEND = YES;
				ENABLE_TESTABILITY = YES;
				GCC_C_LANGUAGE_STANDARD = gnu11;
				GCC_DYNAMIC_NO_PIC = NO;
				GCC_NO_COMMON_BLOCKS = YES;
				GCC_OPTIMIZATION_LEVEL = 0;
				GCC_PREPROCESSOR_DEFINITIONS = (
					"DEBUG=1",
					"$(inherited)",
				);
				GCC_WARN_64_TO_32_BIT_CONVERSION = YES;
				GCC_WARN_ABOUT_RETURN_TYPE = YES_ERROR;
				GCC_WARN_UNDECLARED_SELECTOR = YES;
				GCC_WARN_UNINITIALIZED_AUTOS = YES_AGGRESSIVE;
				GCC_WARN_UNUSED_FUNCTION = YES;
				GCC_WARN_UNUSED_VARIABLE = YES;
				IPHONEOS_DEPLOYMENT_TARGET = 16.1;
				MTL_ENABLE_DEBUG_INFO = INCLUDE_SOURCE;
				MTL_FAST_MATH = YES;
				ONLY_ACTIVE_ARCH = YES;
				SDKROOT = iphoneos;
				SWIFT_ACTIVE_COMPILATION_CONDITIONS = DEBUG;
				SWIFT_OPTIMIZATION_LEVEL = "-Onone";
			};
			name = Debug;
		};
		FA3545EA29D4C803001AAD89 /* Release */ = {
			isa = XCBuildConfiguration;
			buildSettings = {
				ALWAYS_SEARCH_USER_PATHS = NO;
				CLANG_ANALYZER_NONNULL = YES;
				CLANG_ANALYZER_NUMBER_OBJECT_CONVERSION = YES_AGGRESSIVE;
				CLANG_CXX_LANGUAGE_STANDARD = "gnu++20";
				CLANG_ENABLE_MODULES = YES;
				CLANG_ENABLE_OBJC_ARC = YES;
				CLANG_ENABLE_OBJC_WEAK = YES;
				CLANG_WARN_BLOCK_CAPTURE_AUTORELEASING = YES;
				CLANG_WARN_BOOL_CONVERSION = YES;
				CLANG_WARN_COMMA = YES;
				CLANG_WARN_CONSTANT_CONVERSION = YES;
				CLANG_WARN_DEPRECATED_OBJC_IMPLEMENTATIONS = YES;
				CLANG_WARN_DIRECT_OBJC_ISA_USAGE = YES_ERROR;
				CLANG_WARN_DOCUMENTATION_COMMENTS = YES;
				CLANG_WARN_EMPTY_BODY = YES;
				CLANG_WARN_ENUM_CONVERSION = YES;
				CLANG_WARN_INFINITE_RECURSION = YES;
				CLANG_WARN_INT_CONVERSION = YES;
				CLANG_WARN_NON_LITERAL_NULL_CONVERSION = YES;
				CLANG_WARN_OBJC_IMPLICIT_RETAIN_SELF = YES;
				CLANG_WARN_OBJC_LITERAL_CONVERSION = YES;
				CLANG_WARN_OBJC_ROOT_CLASS = YES_ERROR;
				CLANG_WARN_QUOTED_INCLUDE_IN_FRAMEWORK_HEADER = YES;
				CLANG_WARN_RANGE_LOOP_ANALYSIS = YES;
				CLANG_WARN_STRICT_PROTOTYPES = YES;
				CLANG_WARN_SUSPICIOUS_MOVE = YES;
				CLANG_WARN_UNGUARDED_AVAILABILITY = YES_AGGRESSIVE;
				CLANG_WARN_UNREACHABLE_CODE = YES;
				CLANG_WARN__DUPLICATE_METHOD_MATCH = YES;
				COPY_PHASE_STRIP = NO;
				DEBUG_INFORMATION_FORMAT = "dwarf-with-dsym";
				ENABLE_NS_ASSERTIONS = NO;
				ENABLE_STRICT_OBJC_MSGSEND = YES;
				GCC_C_LANGUAGE_STANDARD = gnu11;
				GCC_NO_COMMON_BLOCKS = YES;
				GCC_WARN_64_TO_32_BIT_CONVERSION = YES;
				GCC_WARN_ABOUT_RETURN_TYPE = YES_ERROR;
				GCC_WARN_UNDECLARED_SELECTOR = YES;
				GCC_WARN_UNINITIALIZED_AUTOS = YES_AGGRESSIVE;
				GCC_WARN_UNUSED_FUNCTION = YES;
				GCC_WARN_UNUSED_VARIABLE = YES;
				IPHONEOS_DEPLOYMENT_TARGET = 16.1;
				MTL_ENABLE_DEBUG_INFO = NO;
				MTL_FAST_MATH = YES;
				SDKROOT = iphoneos;
				SWIFT_COMPILATION_MODE = wholemodule;
				SWIFT_OPTIMIZATION_LEVEL = "-O";
				VALIDATE_PRODUCT = YES;
			};
			name = Release;
		};
		FA3545EC29D4C803001AAD89 /* Debug */ = {
			isa = XCBuildConfiguration;
			buildSettings = {
				ASSETCATALOG_COMPILER_APPICON_NAME = AppIcon;
				ASSETCATALOG_COMPILER_GLOBAL_ACCENT_COLOR_NAME = AccentColor;
				CODE_SIGN_STYLE = Automatic;
				CURRENT_PROJECT_VERSION = 1;
				DEVELOPMENT_TEAM = Y5L7AJQ56V;
				GENERATE_INFOPLIST_FILE = YES;
				INFOPLIST_FILE = Ejercicio4Parte3/Info.plist;
				INFOPLIST_KEY_UIApplicationSupportsIndirectInputEvents = YES;
				INFOPLIST_KEY_UILaunchStoryboardName = LaunchScreen;
				INFOPLIST_KEY_UIMainStoryboardFile = Main;
				INFOPLIST_KEY_UISupportedInterfaceOrientations_iPad = "UIInterfaceOrientationPortrait UIInterfaceOrientationPortraitUpsideDown UIInterfaceOrientationLandscapeLeft UIInterfaceOrientationLandscapeRight";
				INFOPLIST_KEY_UISupportedInterfaceOrientations_iPhone = "UIInterfaceOrientationPortrait UIInterfaceOrientationLandscapeLeft UIInterfaceOrientationLandscapeRight";
				LD_RUNPATH_SEARCH_PATHS = (
					"$(inherited)",
					"@executable_path/Frameworks",
				);
				MARKETING_VERSION = 1.0;
				PRODUCT_BUNDLE_IDENTIFIER = com.hypadilla.Ejercicio4Parte3;
				PRODUCT_NAME = "$(TARGET_NAME)";
				SWIFT_EMIT_LOC_STRINGS = YES;
				SWIFT_VERSION = 5.0;
				TARGETED_DEVICE_FAMILY = "1,2";
			};
			name = Debug;
		};
		FA3545ED29D4C803001AAD89 /* Release */ = {
			isa = XCBuildConfiguration;
			buildSettings = {
				ASSETCATALOG_COMPILER_APPICON_NAME = AppIcon;
				ASSETCATALOG_COMPILER_GLOBAL_ACCENT_COLOR_NAME = AccentColor;
				CODE_SIGN_STYLE = Automatic;
				CURRENT_PROJECT_VERSION = 1;
				DEVELOPMENT_TEAM = Y5L7AJQ56V;
				GENERATE_INFOPLIST_FILE = YES;
				INFOPLIST_FILE = Ejercicio4Parte3/Info.plist;
				INFOPLIST_KEY_UIApplicationSupportsIndirectInputEvents = YES;
				INFOPLIST_KEY_UILaunchStoryboardName = LaunchScreen;
				INFOPLIST_KEY_UIMainStoryboardFile = Main;
				INFOPLIST_KEY_UISupportedInterfaceOrientations_iPad = "UIInterfaceOrientationPortrait UIInterfaceOrientationPortraitUpsideDown UIInterfaceOrientationLandscapeLeft UIInterfaceOrientationLandscapeRight";
				INFOPLIST_KEY_UISupportedInterfaceOrientations_iPhone = "UIInterfaceOrientationPortrait UIInterfaceOrientationLandscapeLeft UIInterfaceOrientationLandscapeRight";
				LD_RUNPATH_SEARCH_PATHS = (
					"$(inherited)",
					"@executable_path/Frameworks",
				);
				MARKETING_VERSION = 1.0;
				PRODUCT_BUNDLE_IDENTIFIER = com.hypadilla.Ejercicio4Parte3;
				PRODUCT_NAME = "$(TARGET_NAME)";
				SWIFT_EMIT_LOC_STRINGS = YES;
				SWIFT_VERSION = 5.0;
				TARGETED_DEVICE_FAMILY = "1,2";
			};
			name = Release;
		};
/* End XCBuildConfiguration section */

/* Begin XCConfigurationList section */
		FA3545D229D4C801001AAD89 /* Build configuration list for PBXProject "Ejercicio4Parte3" */ = {
			isa = XCConfigurationList;
			buildConfigurations = (
				FA3545E929D4C803001AAD89 /* Debug */,
				FA3545EA29D4C803001AAD89 /* Release */,
			);
			defaultConfigurationIsVisible = 0;
			defaultConfigurationName = Release;
		};
		FA3545EB29D4C803001AAD89 /* Build configuration list for PBXNativeTarget "Ejercicio4Parte3" */ = {
			isa = XCConfigurationList;
			buildConfigurations = (
				FA3545EC29D4C803001AAD89 /* Debug */,
				FA3545ED29D4C803001AAD89 /* Release */,
			);
			defaultConfigurationIsVisible = 0;
			defaultConfigurationName = Release;
		};
/* End XCConfigurationList section */
	};
	rootObject = FA3545CF29D4C801001AAD89 /* Project object */;
}
